// !$*UTF8*$!
{
	archiveVersion = 1;
	classes = {
	};
	objectVersion = 56;
	objects = {

/* Begin PBXBuildFile section */
		77BBA2F22B1746A200458B45 /* Constant.swift in Sources */ = {isa = PBXBuildFile; fileRef = 77BBA2F12B1746A200458B45 /* Constant.swift */; };
		77BBA2F42B17667F00458B45 /* HideKeyboardExtension.swift in Sources */ = {isa = PBXBuildFile; fileRef = 77BBA2F32B17667F00458B45 /* HideKeyboardExtension.swift */; };
		77D2F59C2B14AB04005C81C0 /* DevoteApp.swift in Sources */ = {isa = PBXBuildFile; fileRef = 77D2F59B2B14AB04005C81C0 /* DevoteApp.swift */; };
		77D2F59E2B14AB04005C81C0 /* MainScreen.swift in Sources */ = {isa = PBXBuildFile; fileRef = 77D2F59D2B14AB04005C81C0 /* MainScreen.swift */; };
		77D2F5A02B14AB05005C81C0 /* Assets.xcassets in Resources */ = {isa = PBXBuildFile; fileRef = 77D2F59F2B14AB05005C81C0 /* Assets.xcassets */; };
		77D2F5A32B14AB05005C81C0 /* Preview Assets.xcassets in Resources */ = {isa = PBXBuildFile; fileRef = 77D2F5A22B14AB05005C81C0 /* Preview Assets.xcassets */; };
		77D2F5A52B14AB05005C81C0 /* Persistence.swift in Sources */ = {isa = PBXBuildFile; fileRef = 77D2F5A42B14AB05005C81C0 /* Persistence.swift */; };
		77D2F5A82B14AB05005C81C0 /* Devote.xcdatamodeld in Sources */ = {isa = PBXBuildFile; fileRef = 77D2F5A62B14AB05005C81C0 /* Devote.xcdatamodeld */; };
		77D2F5B12B14AB69005C81C0 /* sound-tap.mp3 in Resources */ = {isa = PBXBuildFile; fileRef = 77D2F5AE2B14AB69005C81C0 /* sound-tap.mp3 */; };
		77D2F5B22B14AB69005C81C0 /* sound-rise.mp3 in Resources */ = {isa = PBXBuildFile; fileRef = 77D2F5AF2B14AB69005C81C0 /* sound-rise.mp3 */; };
		77D2F5B32B14AB69005C81C0 /* sound-ding.mp3 in Resources */ = {isa = PBXBuildFile; fileRef = 77D2F5B02B14AB69005C81C0 /* sound-ding.mp3 */; };
/* End PBXBuildFile section */

/* Begin PBXFileReference section */
		77BBA2F12B1746A200458B45 /* Constant.swift */ = {isa = PBXFileReference; lastKnownFileType = sourcecode.swift; path = Constant.swift; sourceTree = "<group>"; };
		77BBA2F32B17667F00458B45 /* HideKeyboardExtension.swift */ = {isa = PBXFileReference; lastKnownFileType = sourcecode.swift; path = HideKeyboardExtension.swift; sourceTree = "<group>"; };
		77D2F5982B14AB04005C81C0 /* Devote.app */ = {isa = PBXFileReference; explicitFileType = wrapper.application; includeInIndex = 0; path = Devote.app; sourceTree = BUILT_PRODUCTS_DIR; };
		77D2F59B2B14AB04005C81C0 /* DevoteApp.swift */ = {isa = PBXFileReference; lastKnownFileType = sourcecode.swift; path = DevoteApp.swift; sourceTree = "<group>"; };
		77D2F59D2B14AB04005C81C0 /* MainScreen.swift */ = {isa = PBXFileReference; lastKnownFileType = sourcecode.swift; path = MainScreen.swift; sourceTree = "<group>"; };
		77D2F59F2B14AB05005C81C0 /* Assets.xcassets */ = {isa = PBXFileReference; lastKnownFileType = folder.assetcatalog; path = Assets.xcassets; sourceTree = "<group>"; };
		77D2F5A22B14AB05005C81C0 /* Preview Assets.xcassets */ = {isa = PBXFileReference; lastKnownFileType = folder.assetcatalog; path = "Preview Assets.xcassets"; sourceTree = "<group>"; };
		77D2F5A42B14AB05005C81C0 /* Persistence.swift */ = {isa = PBXFileReference; lastKnownFileType = sourcecode.swift; path = Persistence.swift; sourceTree = "<group>"; };
		77D2F5A72B14AB05005C81C0 /* Devote.xcdatamodel */ = {isa = PBXFileReference; lastKnownFileType = wrapper.xcdatamodel; path = Devote.xcdatamodel; sourceTree = "<group>"; };
		77D2F5AE2B14AB69005C81C0 /* sound-tap.mp3 */ = {isa = PBXFileReference; lastKnownFileType = audio.mp3; path = "sound-tap.mp3"; sourceTree = "<group>"; };
		77D2F5AF2B14AB69005C81C0 /* sound-rise.mp3 */ = {isa = PBXFileReference; lastKnownFileType = audio.mp3; path = "sound-rise.mp3"; sourceTree = "<group>"; };
		77D2F5B02B14AB69005C81C0 /* sound-ding.mp3 */ = {isa = PBXFileReference; lastKnownFileType = audio.mp3; path = "sound-ding.mp3"; sourceTree = "<group>"; };
		77D2F5BC2B15EEA2005C81C0 /* Info.plist */ = {isa = PBXFileReference; lastKnownFileType = text.plist; path = Info.plist; sourceTree = "<group>"; };
/* End PBXFileReference section */

/* Begin PBXFrameworksBuildPhase section */
		77D2F5952B14AB04005C81C0 /* Frameworks */ = {
			isa = PBXFrameworksBuildPhase;
			buildActionMask = 2147483647;
			files = (
			);
			runOnlyForDeploymentPostprocessing = 0;
		};
/* End PBXFrameworksBuildPhase section */

/* Begin PBXGroup section */
		77D2F58F2B14AB04005C81C0 = {
			isa = PBXGroup;
			children = (
				77D2F59A2B14AB04005C81C0 /* Devote */,
				77D2F5992B14AB04005C81C0 /* Products */,
			);
			sourceTree = "<group>";
		};
		77D2F5992B14AB04005C81C0 /* Products */ = {
			isa = PBXGroup;
			children = (
				77D2F5982B14AB04005C81C0 /* Devote.app */,
			);
			name = Products;
			sourceTree = "<group>";
		};
		77D2F59A2B14AB04005C81C0 /* Devote */ = {
			isa = PBXGroup;
			children = (
				77D2F5BC2B15EEA2005C81C0 /* Info.plist */,
				77D2F5BB2B15EE44005C81C0 /* App */,
				77D2F5B92B15EDF0005C81C0 /* Extension */,
				77D2F5B62B14AB9F005C81C0 /* CoreDataModel */,
				77D2F5B42B14AB72005C81C0 /* Sound */,
				77D2F5BA2B15EDF8005C81C0 /* Style */,
				77D2F5B72B15EDDF005C81C0 /* Utility */,
				77D2F5B82B15EDEB005C81C0 /* View */,
				77D2F5B52B14AB7F005C81C0 /* Screen */,
				77D2F59F2B14AB05005C81C0 /* Assets.xcassets */,
				77D2F5A12B14AB05005C81C0 /* Preview Content */,
			);
			path = Devote;
			sourceTree = "<group>";
		};
		77D2F5A12B14AB05005C81C0 /* Preview Content */ = {
			isa = PBXGroup;
			children = (
				77D2F5A22B14AB05005C81C0 /* Preview Assets.xcassets */,
			);
			path = "Preview Content";
			sourceTree = "<group>";
		};
		77D2F5B42B14AB72005C81C0 /* Sound */ = {
			isa = PBXGroup;
			children = (
				77D2F5B02B14AB69005C81C0 /* sound-ding.mp3 */,
				77D2F5AF2B14AB69005C81C0 /* sound-rise.mp3 */,
				77D2F5AE2B14AB69005C81C0 /* sound-tap.mp3 */,
			);
			path = Sound;
			sourceTree = "<group>";
		};
		77D2F5B52B14AB7F005C81C0 /* Screen */ = {
			isa = PBXGroup;
			children = (
				77D2F59D2B14AB04005C81C0 /* MainScreen.swift */,
			);
			path = Screen;
			sourceTree = "<group>";
		};
		77D2F5B62B14AB9F005C81C0 /* CoreDataModel */ = {
			isa = PBXGroup;
			children = (
				77D2F5A42B14AB05005C81C0 /* Persistence.swift */,
				77D2F5A62B14AB05005C81C0 /* Devote.xcdatamodeld */,
			);
			path = CoreDataModel;
			sourceTree = "<group>";
		};
		77D2F5B72B15EDDF005C81C0 /* Utility */ = {
			isa = PBXGroup;
			children = (
				77BBA2F12B1746A200458B45 /* Constant.swift */,
			);
			path = Utility;
			sourceTree = "<group>";
		};
		77D2F5B82B15EDEB005C81C0 /* View */ = {
			isa = PBXGroup;
			children = (
			);
			path = View;
			sourceTree = "<group>";
		};
		77D2F5B92B15EDF0005C81C0 /* Extension */ = {
			isa = PBXGroup;
			children = (
				77BBA2F32B17667F00458B45 /* HideKeyboardExtension.swift */,
			);
			path = Extension;
			sourceTree = "<group>";
		};
		77D2F5BA2B15EDF8005C81C0 /* Style */ = {
			isa = PBXGroup;
			children = (
			);
			path = Style;
			sourceTree = "<group>";
		};
		77D2F5BB2B15EE44005C81C0 /* App */ = {
			isa = PBXGroup;
			children = (
				77D2F59B2B14AB04005C81C0 /* DevoteApp.swift */,
			);
			path = App;
			sourceTree = "<group>";
		};
/* End PBXGroup section */

/* Begin PBXNativeTarget section */
		77D2F5972B14AB04005C81C0 /* Devote */ = {
			isa = PBXNativeTarget;
			buildConfigurationList = 77D2F5AB2B14AB05005C81C0 /* Build configuration list for PBXNativeTarget "Devote" */;
			buildPhases = (
				77D2F5942B14AB04005C81C0 /* Sources */,
				77D2F5952B14AB04005C81C0 /* Frameworks */,
				77D2F5962B14AB04005C81C0 /* Resources */,
			);
			buildRules = (
			);
			dependencies = (
			);
			name = Devote;
			productName = Devote;
			productReference = 77D2F5982B14AB04005C81C0 /* Devote.app */;
			productType = "com.apple.product-type.application";
		};
/* End PBXNativeTarget section */

/* Begin PBXProject section */
		77D2F5902B14AB04005C81C0 /* Project object */ = {
			isa = PBXProject;
			attributes = {
				BuildIndependentTargetsInParallel = 1;
				LastSwiftUpdateCheck = 1500;
				LastUpgradeCheck = 1500;
				TargetAttributes = {
					77D2F5972B14AB04005C81C0 = {
						CreatedOnToolsVersion = 15.0.1;
					};
				};
			};
			buildConfigurationList = 77D2F5932B14AB04005C81C0 /* Build configuration list for PBXProject "Devote" */;
			compatibilityVersion = "Xcode 14.0";
			developmentRegion = en;
			hasScannedForEncodings = 0;
			knownRegions = (
				en,
				Base,
			);
			mainGroup = 77D2F58F2B14AB04005C81C0;
			productRefGroup = 77D2F5992B14AB04005C81C0 /* Products */;
			projectDirPath = "";
			projectRoot = "";
			targets = (
				77D2F5972B14AB04005C81C0 /* Devote */,
			);
		};
/* End PBXProject section */

/* Begin PBXResourcesBuildPhase section */
		77D2F5962B14AB04005C81C0 /* Resources */ = {
			isa = PBXResourcesBuildPhase;
			buildActionMask = 2147483647;
			files = (
				77D2F5B32B14AB69005C81C0 /* sound-ding.mp3 in Resources */,
				77D2F5B12B14AB69005C81C0 /* sound-tap.mp3 in Resources */,
				77D2F5B22B14AB69005C81C0 /* sound-rise.mp3 in Resources */,
				77D2F5A32B14AB05005C81C0 /* Preview Assets.xcassets in Resources */,
				77D2F5A02B14AB05005C81C0 /* Assets.xcassets in Resources */,
			);
			runOnlyForDeploymentPostprocessing = 0;
		};
/* End PBXResourcesBuildPhase section */

/* Begin PBXSourcesBuildPhase section */
		77D2F5942B14AB04005C81C0 /* Sources */ = {
			isa = PBXSourcesBuildPhase;
			buildActionMask = 2147483647;
			files = (
				77D2F5A52B14AB05005C81C0 /* Persistence.swift in Sources */,
				77D2F59E2B14AB04005C81C0 /* MainScreen.swift in Sources */,
				77BBA2F42B17667F00458B45 /* HideKeyboardExtension.swift in Sources */,
				77BBA2F22B1746A200458B45 /* Constant.swift in Sources */,
				77D2F5A82B14AB05005C81C0 /* Devote.xcdatamodeld in Sources */,
				77D2F59C2B14AB04005C81C0 /* DevoteApp.swift in Sources */,
			);
			runOnlyForDeploymentPostprocessing = 0;
		};
/* End PBXSourcesBuildPhase section */

/* Begin XCBuildConfiguration section */
		77D2F5A92B14AB05005C81C0 /* Debug */ = {
			isa = XCBuildConfiguration;
			buildSettings = {
				ALWAYS_SEARCH_USER_PATHS = NO;
				ASSETCATALOG_COMPILER_GENERATE_SWIFT_ASSET_SYMBOL_EXTENSIONS = YES;
				CLANG_ANALYZER_NONNULL = YES;
				CLANG_ANALYZER_NUMBER_OBJECT_CONVERSION = YES_AGGRESSIVE;
				CLANG_CXX_LANGUAGE_STANDARD = "gnu++20";
				CLANG_ENABLE_MODULES = YES;
				CLANG_ENABLE_OBJC_ARC = YES;
				CLANG_ENABLE_OBJC_WEAK = YES;
				CLANG_WARN_BLOCK_CAPTURE_AUTORELEASING = YES;
				CLANG_WARN_BOOL_CONVERSION = YES;
				CLANG_WARN_COMMA = YES;
				CLANG_WARN_CONSTANT_CONVERSION = YES;
				CLANG_WARN_DEPRECATED_OBJC_IMPLEMENTATIONS = YES;
				CLANG_WARN_DIRECT_OBJC_ISA_USAGE = YES_ERROR;
				CLANG_WARN_DOCUMENTATION_COMMENTS = YES;
				CLANG_WARN_EMPTY_BODY = YES;
				CLANG_WARN_ENUM_CONVERSION = YES;
				CLANG_WARN_INFINITE_RECURSION = YES;
				CLANG_WARN_INT_CONVERSION = YES;
				CLANG_WARN_NON_LITERAL_NULL_CONVERSION = YES;
				CLANG_WARN_OBJC_IMPLICIT_RETAIN_SELF = YES;
				CLANG_WARN_OBJC_LITERAL_CONVERSION = YES;
				CLANG_WARN_OBJC_ROOT_CLASS = YES_ERROR;
				CLANG_WARN_QUOTED_INCLUDE_IN_FRAMEWORK_HEADER = YES;
				CLANG_WARN_RANGE_LOOP_ANALYSIS = YES;
				CLANG_WARN_STRICT_PROTOTYPES = YES;
				CLANG_WARN_SUSPICIOUS_MOVE = YES;
				CLANG_WARN_UNGUARDED_AVAILABILITY = YES_AGGRESSIVE;
				CLANG_WARN_UNREACHABLE_CODE = YES;
				CLANG_WARN__DUPLICATE_METHOD_MATCH = YES;
				COPY_PHASE_STRIP = NO;
				DEBUG_INFORMATION_FORMAT = dwarf;
				ENABLE_STRICT_OBJC_MSGSEND = YES;
				ENABLE_TESTABILITY = YES;
				ENABLE_USER_SCRIPT_SANDBOXING = YES;
				GCC_C_LANGUAGE_STANDARD = gnu17;
				GCC_DYNAMIC_NO_PIC = NO;
				GCC_NO_COMMON_BLOCKS = YES;
				GCC_OPTIMIZATION_LEVEL = 0;
				GCC_PREPROCESSOR_DEFINITIONS = (
					"DEBUG=1",
					"$(inherited)",
				);
				GCC_WARN_64_TO_32_BIT_CONVERSION = YES;
				GCC_WARN_ABOUT_RETURN_TYPE = YES_ERROR;
				GCC_WARN_UNDECLARED_SELECTOR = YES;
				GCC_WARN_UNINITIALIZED_AUTOS = YES_AGGRESSIVE;
				GCC_WARN_UNUSED_FUNCTION = YES;
				GCC_WARN_UNUSED_VARIABLE = YES;
				IPHONEOS_DEPLOYMENT_TARGET = 17.0;
				LOCALIZATION_PREFERS_STRING_CATALOGS = YES;
				MTL_ENABLE_DEBUG_INFO = INCLUDE_SOURCE;
				MTL_FAST_MATH = YES;
				ONLY_ACTIVE_ARCH = YES;
				SDKROOT = iphoneos;
				SWIFT_ACTIVE_COMPILATION_CONDITIONS = "DEBUG $(inherited)";
				SWIFT_OPTIMIZATION_LEVEL = "-Onone";
			};
			name = Debug;
		};
		77D2F5AA2B14AB05005C81C0 /* Release */ = {
			isa = XCBuildConfiguration;
			buildSettings = {
				ALWAYS_SEARCH_USER_PATHS = NO;
				ASSETCATALOG_COMPILER_GENERATE_SWIFT_ASSET_SYMBOL_EXTENSIONS = YES;
				CLANG_ANALYZER_NONNULL = YES;
				CLANG_ANALYZER_NUMBER_OBJECT_CONVERSION = YES_AGGRESSIVE;
				CLANG_CXX_LANGUAGE_STANDARD = "gnu++20";
				CLANG_ENABLE_MODULES = YES;
				CLANG_ENABLE_OBJC_ARC = YES;
				CLANG_ENABLE_OBJC_WEAK = YES;
				CLANG_WARN_BLOCK_CAPTURE_AUTORELEASING = YES;
				CLANG_WARN_BOOL_CONVERSION = YES;
				CLANG_WARN_COMMA = YES;
				CLANG_WARN_CONSTANT_CONVERSION = YES;
				CLANG_WARN_DEPRECATED_OBJC_IMPLEMENTATIONS = YES;
				CLANG_WARN_DIRECT_OBJC_ISA_USAGE = YES_ERROR;
				CLANG_WARN_DOCUMENTATION_COMMENTS = YES;
				CLANG_WARN_EMPTY_BODY = YES;
				CLANG_WARN_ENUM_CONVERSION = YES;
				CLANG_WARN_INFINITE_RECURSION = YES;
				CLANG_WARN_INT_CONVERSION = YES;
				CLANG_WARN_NON_LITERAL_NULL_CONVERSION = YES;
				CLANG_WARN_OBJC_IMPLICIT_RETAIN_SELF = YES;
				CLANG_WARN_OBJC_LITERAL_CONVERSION = YES;
				CLANG_WARN_OBJC_ROOT_CLASS = YES_ERROR;
				CLANG_WARN_QUOTED_INCLUDE_IN_FRAMEWORK_HEADER = YES;
				CLANG_WARN_RANGE_LOOP_ANALYSIS = YES;
				CLANG_WARN_STRICT_PROTOTYPES = YES;
				CLANG_WARN_SUSPICIOUS_MOVE = YES;
				CLANG_WARN_UNGUARDED_AVAILABILITY = YES_AGGRESSIVE;
				CLANG_WARN_UNREACHABLE_CODE = YES;
				CLANG_WARN__DUPLICATE_METHOD_MATCH = YES;
				COPY_PHASE_STRIP = NO;
				DEBUG_INFORMATION_FORMAT = "dwarf-with-dsym";
				ENABLE_NS_ASSERTIONS = NO;
				ENABLE_STRICT_OBJC_MSGSEND = YES;
				ENABLE_USER_SCRIPT_SANDBOXING = YES;
				GCC_C_LANGUAGE_STANDARD = gnu17;
				GCC_NO_COMMON_BLOCKS = YES;
				GCC_WARN_64_TO_32_BIT_CONVERSION = YES;
				GCC_WARN_ABOUT_RETURN_TYPE = YES_ERROR;
				GCC_WARN_UNDECLARED_SELECTOR = YES;
				GCC_WARN_UNINITIALIZED_AUTOS = YES_AGGRESSIVE;
				GCC_WARN_UNUSED_FUNCTION = YES;
				GCC_WARN_UNUSED_VARIABLE = YES;
				IPHONEOS_DEPLOYMENT_TARGET = 17.0;
				LOCALIZATION_PREFERS_STRING_CATALOGS = YES;
				MTL_ENABLE_DEBUG_INFO = NO;
				MTL_FAST_MATH = YES;
				SDKROOT = iphoneos;
				SWIFT_COMPILATION_MODE = wholemodule;
				VALIDATE_PRODUCT = YES;
			};
			name = Release;
		};
		77D2F5AC2B14AB05005C81C0 /* Debug */ = {
			isa = XCBuildConfiguration;
			buildSettings = {
				ASSETCATALOG_COMPILER_APPICON_NAME = AppIcon;
				ASSETCATALOG_COMPILER_GLOBAL_ACCENT_COLOR_NAME = AccentColor;
				CODE_SIGN_STYLE = Automatic;
				CURRENT_PROJECT_VERSION = 1;
				DEVELOPMENT_ASSET_PATHS = "\"Devote/Preview Content\"";
				DEVELOPMENT_TEAM = CAQ3L59HTS;
				ENABLE_PREVIEWS = YES;
				GENERATE_INFOPLIST_FILE = YES;
				INFOPLIST_FILE = Devote/Info.plist;
				INFOPLIST_KEY_UIApplicationSceneManifest_Generation = YES;
				INFOPLIST_KEY_UIApplicationSupportsIndirectInputEvents = YES;
				INFOPLIST_KEY_UISupportedInterfaceOrientations = UIInterfaceOrientationPortrait;
				IPHONEOS_DEPLOYMENT_TARGET = 16.0;
				LD_RUNPATH_SEARCH_PATHS = (
					"$(inherited)",
					"@executable_path/Frameworks",
				);
				MARKETING_VERSION = 1.0;
				PRODUCT_BUNDLE_IDENTIFIER = com.dinhonms.Devote;
				PRODUCT_NAME = "$(TARGET_NAME)";
				SUPPORTED_PLATFORMS = "iphoneos iphonesimulator";
				SUPPORTS_MACCATALYST = NO;
				SUPPORTS_MAC_DESIGNED_FOR_IPHONE_IPAD = NO;
				SWIFT_EMIT_LOC_STRINGS = YES;
				SWIFT_VERSION = 5.0;
				TARGETED_DEVICE_FAMILY = "1,2";
			};
			name = Debug;
		};
		77D2F5AD2B14AB05005C81C0 /* Release */ = {
			isa = XCBuildConfiguration;
			buildSettings = {
				ASSETCATALOG_COMPILER_APPICON_NAME = AppIcon;
				ASSETCATALOG_COMPILER_GLOBAL_ACCENT_COLOR_NAME = AccentColor;
				CODE_SIGN_STYLE = Automatic;
				CURRENT_PROJECT_VERSION = 1;
				DEVELOPMENT_ASSET_PATHS = "\"Devote/Preview Content\"";
				DEVELOPMENT_TEAM = CAQ3L59HTS;
				ENABLE_PREVIEWS = YES;
				GENERATE_INFOPLIST_FILE = YES;
				INFOPLIST_FILE = Devote/Info.plist;
				INFOPLIST_KEY_UIApplicationSceneManifest_Generation = YES;
				INFOPLIST_KEY_UIApplicationSupportsIndirectInputEvents = YES;
				INFOPLIST_KEY_UISupportedInterfaceOrientations = UIInterfaceOrientationPortrait;
				IPHONEOS_DEPLOYMENT_TARGET = 16.0;
				LD_RUNPATH_SEARCH_PATHS = (
					"$(inherited)",
					"@executable_path/Frameworks",
				);
				MARKETING_VERSION = 1.0;
				PRODUCT_BUNDLE_IDENTIFIER = com.dinhonms.Devote;
				PRODUCT_NAME = "$(TARGET_NAME)";
				SUPPORTED_PLATFORMS = "iphoneos iphonesimulator";
				SUPPORTS_MACCATALYST = NO;
				SUPPORTS_MAC_DESIGNED_FOR_IPHONE_IPAD = NO;
				SWIFT_EMIT_LOC_STRINGS = YES;
				SWIFT_VERSION = 5.0;
				TARGETED_DEVICE_FAMILY = "1,2";
			};
			name = Release;
		};
/* End XCBuildConfiguration section */

/* Begin XCConfigurationList section */
		77D2F5932B14AB04005C81C0 /* Build configuration list for PBXProject "Devote" */ = {
			isa = XCConfigurationList;
			buildConfigurations = (
				77D2F5A92B14AB05005C81C0 /* Debug */,
				77D2F5AA2B14AB05005C81C0 /* Release */,
			);
			defaultConfigurationIsVisible = 0;
			defaultConfigurationName = Release;
		};
		77D2F5AB2B14AB05005C81C0 /* Build configuration list for PBXNativeTarget "Devote" */ = {
			isa = XCConfigurationList;
			buildConfigurations = (
				77D2F5AC2B14AB05005C81C0 /* Debug */,
				77D2F5AD2B14AB05005C81C0 /* Release */,
			);
			defaultConfigurationIsVisible = 0;
			defaultConfigurationName = Release;
		};
/* End XCConfigurationList section */

/* Begin XCVersionGroup section */
		77D2F5A62B14AB05005C81C0 /* Devote.xcdatamodeld */ = {
			isa = XCVersionGroup;
			children = (
				77D2F5A72B14AB05005C81C0 /* Devote.xcdatamodel */,
			);
			currentVersion = 77D2F5A72B14AB05005C81C0 /* Devote.xcdatamodel */;
			path = Devote.xcdatamodeld;
			sourceTree = "<group>";
			versionGroupType = wrapper.xcdatamodel;
		};
/* End XCVersionGroup section */
	};
	rootObject = 77D2F5902B14AB04005C81C0 /* Project object */;
}
